// !$*UTF8*$!
{
	archiveVersion = 1;
	classes = {
	};
	objectVersion = 77;
	objects = {

/* Begin PBXContainerItemProxy section */
		CC90B3D42EAE74B900EA0CE1 /* PBXContainerItemProxy */ = {
			isa = PBXContainerItemProxy;
			containerPortal = CC90B3B52EAE74B600EA0CE1 /* Project object */;
			proxyType = 1;
			remoteGlobalIDString = CC90B3BC2EAE74B600EA0CE1;
			remoteInfo = "au first app";
		};
		CC90B3DE2EAE74B900EA0CE1 /* PBXContainerItemProxy */ = {
			isa = PBXContainerItemProxy;
			containerPortal = CC90B3B52EAE74B600EA0CE1 /* Project object */;
			proxyType = 1;
			remoteGlobalIDString = CC90B3BC2EAE74B600EA0CE1;
			remoteInfo = "au first app";
		};
/* End PBXContainerItemProxy section */

/* Begin PBXFileReference section */
		CC90B3BD2EAE74B600EA0CE1 /* au first app.app */ = {isa = PBXFileReference; explicitFileType = wrapper.application; includeInIndex = 0; path = "au first app.app"; sourceTree = BUILT_PRODUCTS_DIR; };
		CC90B3D32EAE74B900EA0CE1 /* au first appTests.xctest */ = {isa = PBXFileReference; explicitFileType = wrapper.cfbundle; includeInIndex = 0; path = "au first appTests.xctest"; sourceTree = BUILT_PRODUCTS_DIR; };
		CC90B3DD2EAE74B900EA0CE1 /* au first appUITests.xctest */ = {isa = PBXFileReference; explicitFileType = wrapper.cfbundle; includeInIndex = 0; path = "au first appUITests.xctest"; sourceTree = BUILT_PRODUCTS_DIR; };
/* End PBXFileReference section */

/* Begin PBXFileSystemSynchronizedBuildFileExceptionSet section */
		CC90B3E52EAE74B900EA0CE1 /* Exceptions for "au first app" folder in "au first app" target */ = {
			isa = PBXFileSystemSynchronizedBuildFileExceptionSet;
			membershipExceptions = (
				Info.plist,
			);
			target = CC90B3BC2EAE74B600EA0CE1 /* au first app */;
		};
/* End PBXFileSystemSynchronizedBuildFileExceptionSet section */

/* Begin PBXFileSystemSynchronizedRootGroup section */
		CC90B3BF2EAE74B600EA0CE1 /* au first app */ = {
			isa = PBXFileSystemSynchronizedRootGroup;
			exceptions = (
				CC90B3E52EAE74B900EA0CE1 /* Exceptions for "au first app" folder in "au first app" target */,
			);
			path = "au first app";
			sourceTree = "<group>";
		};
		CC90B3D62EAE74B900EA0CE1 /* au first appTests */ = {
			isa = PBXFileSystemSynchronizedRootGroup;
			path = "au first appTests";
			sourceTree = "<group>";
		};
		CC90B3E02EAE74B900EA0CE1 /* au first appUITests */ = {
			isa = PBXFileSystemSynchronizedRootGroup;
			path = "au first appUITests";
			sourceTree = "<group>";
		};
/* End PBXFileSystemSynchronizedRootGroup section */

/* Begin PBXFrameworksBuildPhase section */
		CC90B3BA2EAE74B600EA0CE1 /* Frameworks */ = {
			isa = PBXFrameworksBuildPhase;
			buildActionMask = 2147483647;
			files = (
			);
			runOnlyForDeploymentPostprocessing = 0;
		};
		CC90B3D02EAE74B900EA0CE1 /* Frameworks */ = {
			isa = PBXFrameworksBuildPhase;
			buildActionMask = 2147483647;
			files = (
			);
			runOnlyForDeploymentPostprocessing = 0;
		};
		CC90B3DA2EAE74B900EA0CE1 /* Frameworks */ = {
			isa = PBXFrameworksBuildPhase;
			buildActionMask = 2147483647;
			files = (
			);
			runOnlyForDeploymentPostprocessing = 0;
		};
/* End PBXFrameworksBuildPhase section */

/* Begin PBXGroup section */
		CC90B3B42EAE74B600EA0CE1 = {
			isa = PBXGroup;
			children = (
				CC90B3BF2EAE74B600EA0CE1 /* au first app */,
				CC90B3D62EAE74B900EA0CE1 /* au first appTests */,
				CC90B3E02EAE74B900EA0CE1 /* au first appUITests */,
				CC90B3BE2EAE74B600EA0CE1 /* Products */,
			);
			sourceTree = "<group>";
		};
		CC90B3BE2EAE74B600EA0CE1 /* Products */ = {
			isa = PBXGroup;
			children = (
				CC90B3BD2EAE74B600EA0CE1 /* au first app.app */,
				CC90B3D32EAE74B900EA0CE1 /* au first appTests.xctest */,
				CC90B3DD2EAE74B900EA0CE1 /* au first appUITests.xctest */,
			);
			name = Products;
			sourceTree = "<group>";
		};
/* End PBXGroup section */

/* Begin PBXNativeTarget section */
		CC90B3BC2EAE74B600EA0CE1 /* au first app */ = {
			isa = PBXNativeTarget;
			buildConfigurationList = CC90B3E62EAE74B900EA0CE1 /* Build configuration list for PBXNativeTarget "au first app" */;
			buildPhases = (
				CC90B3B92EAE74B600EA0CE1 /* Sources */,
				CC90B3BA2EAE74B600EA0CE1 /* Frameworks */,
				CC90B3BB2EAE74B600EA0CE1 /* Resources */,
			);
			buildRules = (
			);
			dependencies = (
			);
			fileSystemSynchronizedGroups = (
				CC90B3BF2EAE74B600EA0CE1 /* au first app */,
			);
			name = "au first app";
			packageProductDependencies = (
			);
			productName = "au first app";
			productReference = CC90B3BD2EAE74B600EA0CE1 /* au first app.app */;
			productType = "com.apple.product-type.application";
		};
		CC90B3D22EAE74B900EA0CE1 /* au first appTests */ = {
			isa = PBXNativeTarget;
			buildConfigurationList = CC90B3EB2EAE74B900EA0CE1 /* Build configuration list for PBXNativeTarget "au first appTests" */;
			buildPhases = (
				CC90B3CF2EAE74B900EA0CE1 /* Sources */,
				CC90B3D02EAE74B900EA0CE1 /* Frameworks */,
				CC90B3D12EAE74B900EA0CE1 /* Resources */,
			);
			buildRules = (
			);
			dependencies = (
				CC90B3D52EAE74B900EA0CE1 /* PBXTargetDependency */,
			);
			fileSystemSynchronizedGroups = (
				CC90B3D62EAE74B900EA0CE1 /* au first appTests */,
			);
			name = "au first appTests";
			packageProductDependencies = (
			);
			productName = "au first appTests";
			productReference = CC90B3D32EAE74B900EA0CE1 /* au first appTests.xctest */;
			productType = "com.apple.product-type.bundle.unit-test";
		};
		CC90B3DC2EAE74B900EA0CE1 /* au first appUITests */ = {
			isa = PBXNativeTarget;
			buildConfigurationList = CC90B3EE2EAE74B900EA0CE1 /* Build configuration list for PBXNativeTarget "au first appUITests" */;
			buildPhases = (
				CC90B3D92EAE74B900EA0CE1 /* Sources */,
				CC90B3DA2EAE74B900EA0CE1 /* Frameworks */,
				CC90B3DB2EAE74B900EA0CE1 /* Resources */,
			);
			buildRules = (
			);
			dependencies = (
				CC90B3DF2EAE74B900EA0CE1 /* PBXTargetDependency */,
			);
			fileSystemSynchronizedGroups = (
				CC90B3E02EAE74B900EA0CE1 /* au first appUITests */,
			);
			name = "au first appUITests";
			packageProductDependencies = (
			);
			productName = "au first appUITests";
			productReference = CC90B3DD2EAE74B900EA0CE1 /* au first appUITests.xctest */;
			productType = "com.apple.product-type.bundle.ui-testing";
		};
/* End PBXNativeTarget section */

/* Begin PBXProject section */
		CC90B3B52EAE74B600EA0CE1 /* Project object */ = {
			isa = PBXProject;
			attributes = {
				BuildIndependentTargetsInParallel = 1;
				LastSwiftUpdateCheck = 1630;
				LastUpgradeCheck = 1630;
				TargetAttributes = {
					CC90B3BC2EAE74B600EA0CE1 = {
						CreatedOnToolsVersion = 16.3;
					};
					CC90B3D22EAE74B900EA0CE1 = {
						CreatedOnToolsVersion = 16.3;
						TestTargetID = CC90B3BC2EAE74B600EA0CE1;
					};
					CC90B3DC2EAE74B900EA0CE1 = {
						CreatedOnToolsVersion = 16.3;
						TestTargetID = CC90B3BC2EAE74B600EA0CE1;
					};
				};
			};
			buildConfigurationList = CC90B3B82EAE74B600EA0CE1 /* Build configuration list for PBXProject "au first app" */;
			developmentRegion = en;
			hasScannedForEncodings = 0;
			knownRegions = (
				en,
				Base,
			);
			mainGroup = CC90B3B42EAE74B600EA0CE1;
			minimizedProjectReferenceProxies = 1;
			preferredProjectObjectVersion = 77;
			productRefGroup = CC90B3BE2EAE74B600EA0CE1 /* Products */;
			projectDirPath = "";
			projectRoot = "";
			targets = (
				CC90B3BC2EAE74B600EA0CE1 /* au first app */,
				CC90B3D22EAE74B900EA0CE1 /* au first appTests */,
				CC90B3DC2EAE74B900EA0CE1 /* au first appUITests */,
			);
		};
/* End PBXProject section */

/* Begin PBXResourcesBuildPhase section */
		CC90B3BB2EAE74B600EA0CE1 /* Resources */ = {
			isa = PBXResourcesBuildPhase;
			buildActionMask = 2147483647;
			files = (
			);
			runOnlyForDeploymentPostprocessing = 0;
		};
		CC90B3D12EAE74B900EA0CE1 /* Resources */ = {
			isa = PBXResourcesBuildPhase;
			buildActionMask = 2147483647;
			files = (
			);
			runOnlyForDeploymentPostprocessing = 0;
		};
		CC90B3DB2EAE74B900EA0CE1 /* Resources */ = {
			isa = PBXResourcesBuildPhase;
			buildActionMask = 2147483647;
			files = (
			);
			runOnlyForDeploymentPostprocessing = 0;
		};
/* End PBXResourcesBuildPhase section */

/* Begin PBXSourcesBuildPhase section */
		CC90B3B92EAE74B600EA0CE1 /* Sources */ = {
			isa = PBXSourcesBuildPhase;
			buildActionMask = 2147483647;
			files = (
			);
			runOnlyForDeploymentPostprocessing = 0;
		};
		CC90B3CF2EAE74B900EA0CE1 /* Sources */ = {
			isa = PBXSourcesBuildPhase;
			buildActionMask = 2147483647;
			files = (
			);
			runOnlyForDeploymentPostprocessing = 0;
		};
		CC90B3D92EAE74B900EA0CE1 /* Sources */ = {
			isa = PBXSourcesBuildPhase;
			buildActionMask = 2147483647;
			files = (
			);
			runOnlyForDeploymentPostprocessing = 0;
		};
/* End PBXSourcesBuildPhase section */

/* Begin PBXTargetDependency section */
		CC90B3D52EAE74B900EA0CE1 /* PBXTargetDependency */ = {
			isa = PBXTargetDependency;
			target = CC90B3BC2EAE74B600EA0CE1 /* au first app */;
			targetProxy = CC90B3D42EAE74B900EA0CE1 /* PBXContainerItemProxy */;
		};
		CC90B3DF2EAE74B900EA0CE1 /* PBXTargetDependency */ = {
			isa = PBXTargetDependency;
			target = CC90B3BC2EAE74B600EA0CE1 /* au first app */;
			targetProxy = CC90B3DE2EAE74B900EA0CE1 /* PBXContainerItemProxy */;
		};
/* End PBXTargetDependency section */

/* Begin XCBuildConfiguration section */
		CC90B3E72EAE74B900EA0CE1 /* Debug */ = {
			isa = XCBuildConfiguration;
			buildSettings = {
				ASSETCATALOG_COMPILER_APPICON_NAME = AppIcon;
				ASSETCATALOG_COMPILER_GLOBAL_ACCENT_COLOR_NAME = AccentColor;
				CODE_SIGN_STYLE = Automatic;
				CURRENT_PROJECT_VERSION = 1;
				GENERATE_INFOPLIST_FILE = YES;
				INFOPLIST_FILE = "au first app/Info.plist";
				INFOPLIST_KEY_UIApplicationSupportsIndirectInputEvents = YES;
				INFOPLIST_KEY_UILaunchStoryboardName = LaunchScreen;
				INFOPLIST_KEY_UIMainStoryboardFile = Main;
				INFOPLIST_KEY_UISupportedInterfaceOrientations_iPad = "UIInterfaceOrientationPortrait UIInterfaceOrientationPortraitUpsideDown UIInterfaceOrientationLandscapeLeft UIInterfaceOrientationLandscapeRight";
				INFOPLIST_KEY_UISupportedInterfaceOrientations_iPhone = "UIInterfaceOrientationPortrait UIInterfaceOrientationLandscapeLeft UIInterfaceOrientationLandscapeRight";
				LD_RUNPATH_SEARCH_PATHS = (
					"$(inherited)",
					"@executable_path/Frameworks",
				);
				MARKETING_VERSION = 1.0;
				PRODUCT_BUNDLE_IDENTIFIER = "com.LaToyaStevens.au-first-app";
				PRODUCT_NAME = "$(TARGET_NAME)";
				SWIFT_EMIT_LOC_STRINGS = YES;
				SWIFT_VERSION = 5.0;
				TARGETED_DEVICE_FAMILY = "1,2";
			};
			name = Debug;
		};
		CC90B3E82EAE74B900EA0CE1 /* Release */ = {
			isa = XCBuildConfiguration;
			buildSettings = {
				ASSETCATALOG_COMPILER_APPICON_NAME = AppIcon;
				ASSETCATALOG_COMPILER_GLOBAL_ACCENT_COLOR_NAME = AccentColor;
				CODE_SIGN_STYLE = Automatic;
				CURRENT_PROJECT_VERSION = 1;
				GENERATE_INFOPLIST_FILE = YES;
				INFOPLIST_FILE = "au first app/Info.plist";
				INFOPLIST_KEY_UIApplicationSupportsIndirectInputEvents = YES;
				INFOPLIST_KEY_UILaunchStoryboardName = LaunchScreen;
				INFOPLIST_KEY_UIMainStoryboardFile = Main;
				INFOPLIST_KEY_UISupportedInterfaceOrientations_iPad = "UIInterfaceOrientationPortrait UIInterfaceOrientationPortraitUpsideDown UIInterfaceOrientationLandscapeLeft UIInterfaceOrientationLandscapeRight";
				INFOPLIST_KEY_UISupportedInterfaceOrientations_iPhone = "UIInterfaceOrientationPortrait UIInterfaceOrientationLandscapeLeft UIInterfaceOrientationLandscapeRight";
				LD_RUNPATH_SEARCH_PATHS = (
					"$(inherited)",
					"@executable_path/Frameworks",
				);
				MARKETING_VERSION = 1.0;
				PRODUCT_BUNDLE_IDENTIFIER = "com.LaToyaStevens.au-first-app";
				PRODUCT_NAME = "$(TARGET_NAME)";
				SWIFT_EMIT_LOC_STRINGS = YES;
				SWIFT_VERSION = 5.0;
				TARGETED_DEVICE_FAMILY = "1,2";
			};
			name = Release;
		};
		CC90B3E92EAE74B900EA0CE1 /* Debug */ = {
			isa = XCBuildConfiguration;
			buildSettings = {
				ALWAYS_SEARCH_USER_PATHS = NO;
				ASSETCATALOG_COMPILER_GENERATE_SWIFT_ASSET_SYMBOL_EXTENSIONS = YES;
				CLANG_ANALYZER_NONNULL = YES;
				CLANG_ANALYZER_NUMBER_OBJECT_CONVERSION = YES_AGGRESSIVE;
				CLANG_CXX_LANGUAGE_STANDARD = "gnu++20";
				CLANG_ENABLE_MODULES = YES;
				CLANG_ENABLE_OBJC_ARC = YES;
				CLANG_ENABLE_OBJC_WEAK = YES;
				CLANG_WARN_BLOCK_CAPTURE_AUTORELEASING = YES;
				CLANG_WARN_BOOL_CONVERSION = YES;
				CLANG_WARN_COMMA = YES;
				CLANG_WARN_CONSTANT_CONVERSION = YES;
				CLANG_WARN_DEPRECATED_OBJC_IMPLEMENTATIONS = YES;
				CLANG_WARN_DIRECT_OBJC_ISA_USAGE = YES_ERROR;
				CLANG_WARN_DOCUMENTATION_COMMENTS = YES;
				CLANG_WARN_EMPTY_BODY = YES;
				CLANG_WARN_ENUM_CONVERSION = YES;
				CLANG_WARN_INFINITE_RECURSION = YES;
				CLANG_WARN_INT_CONVERSION = YES;
				CLANG_WARN_NON_LITERAL_NULL_CONVERSION = YES;
				CLANG_WARN_OBJC_IMPLICIT_RETAIN_SELF = YES;
				CLANG_WARN_OBJC_LITERAL_CONVERSION = YES;
				CLANG_WARN_OBJC_ROOT_CLASS = YES_ERROR;
				CLANG_WARN_QUOTED_INCLUDE_IN_FRAMEWORK_HEADER = YES;
				CLANG_WARN_RANGE_LOOP_ANALYSIS = YES;
				CLANG_WARN_STRICT_PROTOTYPES = YES;
				CLANG_WARN_SUSPICIOUS_MOVE = YES;
				CLANG_WARN_UNGUARDED_AVAILABILITY = YES_AGGRESSIVE;
				CLANG_WARN_UNREACHABLE_CODE = YES;
				CLANG_WARN__DUPLICATE_METHOD_MATCH = YES;
				COPY_PHASE_STRIP = NO;
				DEBUG_INFORMATION_FORMAT = dwarf;
				ENABLE_STRICT_OBJC_MSGSEND = YES;
				ENABLE_TESTABILITY = YES;
				ENABLE_USER_SCRIPT_SANDBOXING = YES;
				GCC_C_LANGUAGE_STANDARD = gnu17;
				GCC_DYNAMIC_NO_PIC = NO;
				GCC_NO_COMMON_BLOCKS = YES;
				GCC_OPTIMIZATION_LEVEL = 0;
				GCC_PREPROCESSOR_DEFINITIONS = (
					"DEBUG=1",
					"$(inherited)",
				);
				GCC_WARN_64_TO_32_BIT_CONVERSION = YES;
				GCC_WARN_ABOUT_RETURN_TYPE = YES_ERROR;
				GCC_WARN_UNDECLARED_SELECTOR = YES;
				GCC_WARN_UNINITIALIZED_AUTOS = YES_AGGRESSIVE;
				GCC_WARN_UNUSED_FUNCTION = YES;
				GCC_WARN_UNUSED_VARIABLE = YES;
				IPHONEOS_DEPLOYMENT_TARGET = 18.4;
				LOCALIZATION_PREFERS_STRING_CATALOGS = YES;
				MTL_ENABLE_DEBUG_INFO = INCLUDE_SOURCE;
				MTL_FAST_MATH = YES;
				ONLY_ACTIVE_ARCH = YES;
				SDKROOT = iphoneos;
				SWIFT_ACTIVE_COMPILATION_CONDITIONS = "DEBUG $(inherited)";
				SWIFT_OPTIMIZATION_LEVEL = "-Onone";
			};
			name = Debug;
		};
		CC90B3EA2EAE74B900EA0CE1 /* Release */ = {
			isa = XCBuildConfiguration;
			buildSettings = {
				ALWAYS_SEARCH_USER_PATHS = NO;
				ASSETCATALOG_COMPILER_GENERATE_SWIFT_ASSET_SYMBOL_EXTENSIONS = YES;
				CLANG_ANALYZER_NONNULL = YES;
				CLANG_ANALYZER_NUMBER_OBJECT_CONVERSION = YES_AGGRESSIVE;
				CLANG_CXX_LANGUAGE_STANDARD = "gnu++20";
				CLANG_ENABLE_MODULES = YES;
				CLANG_ENABLE_OBJC_ARC = YES;
				CLANG_ENABLE_OBJC_WEAK = YES;
				CLANG_WARN_BLOCK_CAPTURE_AUTORELEASING = YES;
				CLANG_WARN_BOOL_CONVERSION = YES;
				CLANG_WARN_COMMA = YES;
				CLANG_WARN_CONSTANT_CONVERSION = YES;
				CLANG_WARN_DEPRECATED_OBJC_IMPLEMENTATIONS = YES;
				CLANG_WARN_DIRECT_OBJC_ISA_USAGE = YES_ERROR;
				CLANG_WARN_DOCUMENTATION_COMMENTS = YES;
				CLANG_WARN_EMPTY_BODY = YES;
				CLANG_WARN_ENUM_CONVERSION = YES;
				CLANG_WARN_INFINITE_RECURSION = YES;
				CLANG_WARN_INT_CONVERSION = YES;
				CLANG_WARN_NON_LITERAL_NULL_CONVERSION = YES;
				CLANG_WARN_OBJC_IMPLICIT_RETAIN_SELF = YES;
				CLANG_WARN_OBJC_LITERAL_CONVERSION = YES;
				CLANG_WARN_OBJC_ROOT_CLASS = YES_ERROR;
				CLANG_WARN_QUOTED_INCLUDE_IN_FRAMEWORK_HEADER = YES;
				CLANG_WARN_RANGE_LOOP_ANALYSIS = YES;
				CLANG_WARN_STRICT_PROTOTYPES = YES;
				CLANG_WARN_SUSPICIOUS_MOVE = YES;
				CLANG_WARN_UNGUARDED_AVAILABILITY = YES_AGGRESSIVE;
				CLANG_WARN_UNREACHABLE_CODE = YES;
				CLANG_WARN__DUPLICATE_METHOD_MATCH = YES;
				COPY_PHASE_STRIP = NO;
				DEBUG_INFORMATION_FORMAT = "dwarf-with-dsym";
				ENABLE_NS_ASSERTIONS = NO;
				ENABLE_STRICT_OBJC_MSGSEND = YES;
				ENABLE_USER_SCRIPT_SANDBOXING = YES;
				GCC_C_LANGUAGE_STANDARD = gnu17;
				GCC_NO_COMMON_BLOCKS = YES;
				GCC_WARN_64_TO_32_BIT_CONVERSION = YES;
				GCC_WARN_ABOUT_RETURN_TYPE = YES_ERROR;
				GCC_WARN_UNDECLARED_SELECTOR = YES;
				GCC_WARN_UNINITIALIZED_AUTOS = YES_AGGRESSIVE;
				GCC_WARN_UNUSED_FUNCTION = YES;
				GCC_WARN_UNUSED_VARIABLE = YES;
				IPHONEOS_DEPLOYMENT_TARGET = 18.4;
				LOCALIZATION_PREFERS_STRING_CATALOGS = YES;
				MTL_ENABLE_DEBUG_INFO = NO;
				MTL_FAST_MATH = YES;
				SDKROOT = iphoneos;
				SWIFT_COMPILATION_MODE = wholemodule;
				VALIDATE_PRODUCT = YES;
			};
			name = Release;
		};
		CC90B3EC2EAE74B900EA0CE1 /* Debug */ = {
			isa = XCBuildConfiguration;
			buildSettings = {
				BUNDLE_LOADER = "$(TEST_HOST)";
				CODE_SIGN_STYLE = Automatic;
				CURRENT_PROJECT_VERSION = 1;
				GENERATE_INFOPLIST_FILE = YES;
				IPHONEOS_DEPLOYMENT_TARGET = 18.4;
				MARKETING_VERSION = 1.0;
				PRODUCT_BUNDLE_IDENTIFIER = "com.LaToyaStevens.au-first-appTests";
				PRODUCT_NAME = "$(TARGET_NAME)";
				SWIFT_EMIT_LOC_STRINGS = NO;
				SWIFT_VERSION = 5.0;
				TARGETED_DEVICE_FAMILY = "1,2";
				TEST_HOST = "$(BUILT_PRODUCTS_DIR)/au first app.app/$(BUNDLE_EXECUTABLE_FOLDER_PATH)/au first app";
			};
			name = Debug;
		};
		CC90B3ED2EAE74B900EA0CE1 /* Release */ = {
			isa = XCBuildConfiguration;
			buildSettings = {
				BUNDLE_LOADER = "$(TEST_HOST)";
				CODE_SIGN_STYLE = Automatic;
				CURRENT_PROJECT_VERSION = 1;
				GENERATE_INFOPLIST_FILE = YES;
				IPHONEOS_DEPLOYMENT_TARGET = 18.4;
				MARKETING_VERSION = 1.0;
				PRODUCT_BUNDLE_IDENTIFIER = "com.LaToyaStevens.au-first-appTests";
				PRODUCT_NAME = "$(TARGET_NAME)";
				SWIFT_EMIT_LOC_STRINGS = NO;
				SWIFT_VERSION = 5.0;
				TARGETED_DEVICE_FAMILY = "1,2";
				TEST_HOST = "$(BUILT_PRODUCTS_DIR)/au first app.app/$(BUNDLE_EXECUTABLE_FOLDER_PATH)/au first app";
			};
			name = Release;
		};
		CC90B3EF2EAE74B900EA0CE1 /* Debug */ = {
			isa = XCBuildConfiguration;
			buildSettings = {
				CODE_SIGN_STYLE = Automatic;
				CURRENT_PROJECT_VERSION = 1;
				GENERATE_INFOPLIST_FILE = YES;
				MARKETING_VERSION = 1.0;
				PRODUCT_BUNDLE_IDENTIFIER = "com.LaToyaStevens.au-first-appUITests";
				PRODUCT_NAME = "$(TARGET_NAME)";
				SWIFT_EMIT_LOC_STRINGS = NO;
				SWIFT_VERSION = 5.0;
				TARGETED_DEVICE_FAMILY = "1,2";
				TEST_TARGET_NAME = "au first app";
			};
			name = Debug;
		};
		CC90B3F02EAE74B900EA0CE1 /* Release */ = {
			isa = XCBuildConfiguration;
			buildSettings = {
				CODE_SIGN_STYLE = Automatic;
				CURRENT_PROJECT_VERSION = 1;
				GENERATE_INFOPLIST_FILE = YES;
				MARKETING_VERSION = 1.0;
				PRODUCT_BUNDLE_IDENTIFIER = "com.LaToyaStevens.au-first-appUITests";
				PRODUCT_NAME = "$(TARGET_NAME)";
				SWIFT_EMIT_LOC_STRINGS = NO;
				SWIFT_VERSION = 5.0;
				TARGETED_DEVICE_FAMILY = "1,2";
				TEST_TARGET_NAME = "au first app";
			};
			name = Release;
		};
/* End XCBuildConfiguration section */

/* Begin XCConfigurationList section */
		CC90B3B82EAE74B600EA0CE1 /* Build configuration list for PBXProject "au first app" */ = {
			isa = XCConfigurationList;
			buildConfigurations = (
				CC90B3E92EAE74B900EA0CE1 /* Debug */,
				CC90B3EA2EAE74B900EA0CE1 /* Release */,
			);
			defaultConfigurationIsVisible = 0;
			defaultConfigurationName = Release;
		};
		CC90B3E62EAE74B900EA0CE1 /* Build configuration list for PBXNativeTarget "au first app" */ = {
			isa = XCConfigurationList;
			buildConfigurations = (
				CC90B3E72EAE74B900EA0CE1 /* Debug */,
				CC90B3E82EAE74B900EA0CE1 /* Release */,
			);
			defaultConfigurationIsVisible = 0;
			defaultConfigurationName = Release;
		};
		CC90B3EB2EAE74B900EA0CE1 /* Build configuration list for PBXNativeTarget "au first appTests" */ = {
			isa = XCConfigurationList;
			buildConfigurations = (
				CC90B3EC2EAE74B900EA0CE1 /* Debug */,
				CC90B3ED2EAE74B900EA0CE1 /* Release */,
			);
			defaultConfigurationIsVisible = 0;
			defaultConfigurationName = Release;
		};
		CC90B3EE2EAE74B900EA0CE1 /* Build configuration list for PBXNativeTarget "au first appUITests" */ = {
			isa = XCConfigurationList;
			buildConfigurations = (
				CC90B3EF2EAE74B900EA0CE1 /* Debug */,
				CC90B3F02EAE74B900EA0CE1 /* Release */,
			);
			defaultConfigurationIsVisible = 0;
			defaultConfigurationName = Release;
		};
/* End XCConfigurationList section */
	};
	rootObject = CC90B3B52EAE74B600EA0CE1 /* Project object */;
}
